
Microsoft Visual Studio Solution File, Format Version 12.00
# Visual Studio Version 17
VisualStudioVersion = 17.9.34714.143
MinimumVisualStudioVersion = 10.0.40219.1
Project("{FAE04EC0-301F-11D3-BF4B-00C04F79EFBC}") = "Service", "service\Service.csproj", "{FD8167AB-0D22-4343-9908-3C945AD58BB8}"
EndProject
Project("{FAE04EC0-301F-11D3-BF4B-00C04F79EFBC}") = "GitHub.API", "GitHub.API\GitHub.API.csproj", "{D02013BD-C21F-4487-9FE1-261C2CAC6C41}"
EndProject
Global
	GlobalSection(SolutionConfigurationPlatforms) = preSolution
		Debug|Any CPU = Debug|Any CPU
		Release|Any CPU = Release|Any CPU
	EndGlobalSection
	GlobalSection(ProjectConfigurationPlatforms) = postSolution
		{FD8167AB-0D22-4343-9908-3C945AD58BB8}.Debug|Any CPU.ActiveCfg = Debug|Any CPU
		{FD8167AB-0D22-4343-9908-3C945AD58BB8}.Debug|Any CPU.Build.0 = Debug|Any CPU
		{FD8167AB-0D22-4343-9908-3C945AD58BB8}.Release|Any CPU.ActiveCfg = Release|Any CPU
		{FD8167AB-0D22-4343-9908-3C945AD58BB8}.Release|Any CPU.Build.0 = Release|Any CPU
		{D02013BD-C21F-4487-9FE1-261C2CAC6C41}.Debug|Any CPU.ActiveCfg = Debug|Any CPU
		{D02013BD-C21F-4487-9FE1-261C2CAC6C41}.Debug|Any CPU.Build.0 = Debug|Any CPU
		{D02013BD-C21F-4487-9FE1-261C2CAC6C41}.Release|Any CPU.ActiveCfg = Release|Any CPU
		{D02013BD-C21F-4487-9FE1-261C2CAC6C41}.Release|Any CPU.Build.0 = Release|Any CPU
	EndGlobalSection
	GlobalSection(SolutionProperties) = preSolution
		HideSolutionNode = FALSE
	EndGlobalSection
	GlobalSection(ExtensibilityGlobals) = postSolution
		SolutionGuid = {4ED288D8-22AB-45AA-B6E6-EB104C5C26FE}
	EndGlobalSection
EndGlobal
